
Microsoft Visual Studio Solution File, Format Version 12.00
# Visual Studio Version 16
VisualStudioVersion = 16.0.30907.101
MinimumVisualStudioVersion = 10.0.40219.1
Project("{FAE04EC0-301F-11D3-BF4B-00C04F79EFBC}") = "BookStore.API", "BookStore.API\BookStore.API.csproj", "{CAD1ABD9-C453-4BED-943B-3C2CBA15A373}"
EndProject
Global
	GlobalSection(SolutionConfigurationPlatforms) = preSolution
		Debug|Any CPU = Debug|Any CPU
		Release|Any CPU = Release|Any CPU
	EndGlobalSection
	GlobalSection(ProjectConfigurationPlatforms) = postSolution
		{CAD1ABD9-C453-4BED-943B-3C2CBA15A373}.Debug|Any CPU.ActiveCfg = Debug|Any CPU
		{CAD1ABD9-C453-4BED-943B-3C2CBA15A373}.Debug|Any CPU.Build.0 = Debug|Any CPU
		{CAD1ABD9-C453-4BED-943B-3C2CBA15A373}.Release|Any CPU.ActiveCfg = Release|Any CPU
		{CAD1ABD9-C453-4BED-943B-3C2CBA15A373}.Release|Any CPU.Build.0 = Release|Any CPU
	EndGlobalSection
	GlobalSection(SolutionProperties) = preSolution
		HideSolutionNode = FALSE
	EndGlobalSection
	GlobalSection(ExtensibilityGlobals) = postSolution
		SolutionGuid = {2A89E2D5-D352-4D1B-8888-29BC08B22D62}
	EndGlobalSection
EndGlobal
